
Microsoft Visual Studio Solution File, Format Version 12.00
# Visual Studio Version 17
VisualStudioVersion = 17.9.34723.18
MinimumVisualStudioVersion = 10.0.40219.1
Project("{FAE04EC0-301F-11D3-BF4B-00C04F79EFBC}") = "Ashow", "Ashow\Ashow.csproj", "{14A0C885-43B5-4EAE-BE4D-BB0AB7DD16AE}"
EndProject
Global
	GlobalSection(SolutionConfigurationPlatforms) = preSolution
		Debug|Any CPU = Debug|Any CPU
		Release|Any CPU = Release|Any CPU
	EndGlobalSection
	GlobalSection(ProjectConfigurationPlatforms) = postSolution
		{14A0C885-43B5-4EAE-BE4D-BB0AB7DD16AE}.Debug|Any CPU.ActiveCfg = Debug|Any CPU
		{14A0C885-43B5-4EAE-BE4D-BB0AB7DD16AE}.Debug|Any CPU.Build.0 = Debug|Any CPU
		{14A0C885-43B5-4EAE-BE4D-BB0AB7DD16AE}.Release|Any CPU.ActiveCfg = Release|Any CPU
		{14A0C885-43B5-4EAE-BE4D-BB0AB7DD16AE}.Release|Any CPU.Build.0 = Release|Any CPU
	EndGlobalSection
	GlobalSection(SolutionProperties) = preSolution
		HideSolutionNode = FALSE
	EndGlobalSection
	GlobalSection(ExtensibilityGlobals) = postSolution
		SolutionGuid = {6D68774A-0E3A-4127-B20A-CDC5F76B49E8}
	EndGlobalSection
EndGlobal
